
Microsoft Visual Studio Solution File, Format Version 12.00
# Visual Studio 14
VisualStudioVersion = 14.0.25420.1
MinimumVisualStudioVersion = 10.0.40219.1
Project("{FAE04EC0-301F-11D3-BF4B-00C04F79EFBC}") = "server_console", "CenoServer\server_console.csproj", "{0EC6D4F1-9DC9-4720-B1E2-B9249584DE53}"
EndProject
Project("{FAE04EC0-301F-11D3-BF4B-00C04F79EFBC}") = "business", "CenoSipBusiness\business.csproj", "{683BD578-7255-4909-85FC-6C1BAFC7DA44}"
EndProject
Project("{FAE04EC0-301F-11D3-BF4B-00C04F79EFBC}") = "common", "CenoCommon\common.csproj", "{417DE917-F66A-48A0-BE05-22F0EA18B403}"
EndProject
Project("{FAE04EC0-301F-11D3-BF4B-00C04F79EFBC}") = "db.basic", "DB.Basic\db.basic.csproj", "{0BB661C2-020A-4F81-A7E0-7AF0202BDF62}"
EndProject
Project("{FAE04EC0-301F-11D3-BF4B-00C04F79EFBC}") = "stack_lib", "CenoSipFactory\stack_lib.csproj", "{BAD9905A-F1D9-4705-832A-84084735D1F1}"
EndProject
Project("{FAE04EC0-301F-11D3-BF4B-00C04F79EFBC}") = "socket", "CenoSocket\socket.csproj", "{413A3482-DC31-45B9-A352-0D219E8D6986}"
EndProject
Project("{FAE04EC0-301F-11D3-BF4B-00C04F79EFBC}") = "fs_sharp_core", "CenoFsSharp\fs_sharp_core.csproj", "{3F74237A-1596-4623-931E-1E648E53F266}"
EndProject
Project("{2150E333-8FDC-42A3-9474-1A3956D46DE8}") = "call_db", "call_db", "{EDE8F803-B8B9-4BE7-A2E3-EECE60393042}"
EndProject
Project("{2150E333-8FDC-42A3-9474-1A3956D46DE8}") = "fs_sharp", "fs_sharp", "{9F49DDFB-1CB5-48A3-A0C4-51C8B283A54E}"
EndProject
Project("{FAE04EC0-301F-11D3-BF4B-00C04F79EFBC}") = "db.model", "DB.Model\db.model.csproj", "{2E771CCD-5693-48AD-BC18-35B67916A52A}"
EndProject
Project("{2150E333-8FDC-42A3-9474-1A3956D46DE8}") = "call_services", "call_services", "{B4876D70-F937-4EEE-A529-EAE55EA47620}"
EndProject
Project("{2150E333-8FDC-42A3-9474-1A3956D46DE8}") = "_Extend_v1", "_Extend_v1", "{B749B2A0-F401-4655-884D-5352156AF3A8}"
EndProject
Project("{FAE04EC0-301F-11D3-BF4B-00C04F79EFBC}") = "Cmn_v1", "Cmn_v1\Cmn_v1.csproj", "{25F5539B-664F-45FB-9469-81BE3D1E05EB}"
EndProject
Project("{FAE04EC0-301F-11D3-BF4B-00C04F79EFBC}") = "Core_v1", "Core_v1\Core_v1.csproj", "{4D4A8F95-AAD9-4148-A377-160FA1F9C455}"
EndProject
Project("{FAE04EC0-301F-11D3-BF4B-00C04F79EFBC}") = "WebSocket_v1", "WebSocket_v1\WebSocket_v1.csproj", "{4E0CA4C9-A320-4095-BFC5-FE85CBE811C1}"
EndProject
Project("{FAE04EC0-301F-11D3-BF4B-00C04F79EFBC}") = "Model_v1", "Models\Model_v1.csproj", "{07C70F34-ACE8-4669-AECE-CC6DC0A6647D}"
EndProject
Project("{FAE04EC0-301F-11D3-BF4B-00C04F79EFBC}") = "Outbound_v1", "Outbound_v1\Outbound_v1.csproj", "{6D8AB44B-E7E7-47E5-9921-3CAF0551CB20}"
EndProject
Global
	GlobalSection(SolutionConfigurationPlatforms) = preSolution
		Debug|Any CPU = Debug|Any CPU
		Debug|Itanium = Debug|Itanium
		Debug|Mixed Platforms = Debug|Mixed Platforms
		Debug|x64 = Debug|x64
		Debug|x86 = Debug|x86
		Release|Any CPU = Release|Any CPU
		Release|Itanium = Release|Itanium
		Release|Mixed Platforms = Release|Mixed Platforms
		Release|x64 = Release|x64
		Release|x86 = Release|x86
	EndGlobalSection
	GlobalSection(ProjectConfigurationPlatforms) = postSolution
		{0EC6D4F1-9DC9-4720-B1E2-B9249584DE53}.Debug|Any CPU.ActiveCfg = Debug|Any CPU
		{0EC6D4F1-9DC9-4720-B1E2-B9249584DE53}.Debug|Any CPU.Build.0 = Debug|Any CPU
		{0EC6D4F1-9DC9-4720-B1E2-B9249584DE53}.Debug|Itanium.ActiveCfg = Debug|Any CPU
		{0EC6D4F1-9DC9-4720-B1E2-B9249584DE53}.Debug|Mixed Platforms.ActiveCfg = Debug|Any CPU
		{0EC6D4F1-9DC9-4720-B1E2-B9249584DE53}.Debug|Mixed Platforms.Build.0 = Debug|Any CPU
		{0EC6D4F1-9DC9-4720-B1E2-B9249584DE53}.Debug|x64.ActiveCfg = Debug|x64
		{0EC6D4F1-9DC9-4720-B1E2-B9249584DE53}.Debug|x64.Build.0 = Debug|x64
		{0EC6D4F1-9DC9-4720-B1E2-B9249584DE53}.Debug|x86.ActiveCfg = Debug|x86
		{0EC6D4F1-9DC9-4720-B1E2-B9249584DE53}.Debug|x86.Build.0 = Debug|x86
		{0EC6D4F1-9DC9-4720-B1E2-B9249584DE53}.Release|Any CPU.ActiveCfg = Release|Any CPU
		{0EC6D4F1-9DC9-4720-B1E2-B9249584DE53}.Release|Any CPU.Build.0 = Release|Any CPU
		{0EC6D4F1-9DC9-4720-B1E2-B9249584DE53}.Release|Itanium.ActiveCfg = Release|Any CPU
		{0EC6D4F1-9DC9-4720-B1E2-B9249584DE53}.Release|Mixed Platforms.ActiveCfg = Release|Any CPU
		{0EC6D4F1-9DC9-4720-B1E2-B9249584DE53}.Release|Mixed Platforms.Build.0 = Release|Any CPU
		{0EC6D4F1-9DC9-4720-B1E2-B9249584DE53}.Release|x64.ActiveCfg = Release|x64
		{0EC6D4F1-9DC9-4720-B1E2-B9249584DE53}.Release|x64.Build.0 = Release|x64
		{0EC6D4F1-9DC9-4720-B1E2-B9249584DE53}.Release|x86.ActiveCfg = Release|x86
		{0EC6D4F1-9DC9-4720-B1E2-B9249584DE53}.Release|x86.Build.0 = Release|x86
		{683BD578-7255-4909-85FC-6C1BAFC7DA44}.Debug|Any CPU.ActiveCfg = Debug|Any CPU
		{683BD578-7255-4909-85FC-6C1BAFC7DA44}.Debug|Any CPU.Build.0 = Debug|Any CPU
		{683BD578-7255-4909-85FC-6C1BAFC7DA44}.Debug|Itanium.ActiveCfg = Debug|x86
		{683BD578-7255-4909-85FC-6C1BAFC7DA44}.Debug|Mixed Platforms.ActiveCfg = Debug|x86
		{683BD578-7255-4909-85FC-6C1BAFC7DA44}.Debug|Mixed Platforms.Build.0 = Debug|x86
		{683BD578-7255-4909-85FC-6C1BAFC7DA44}.Debug|x64.ActiveCfg = Debug|x64
		{683BD578-7255-4909-85FC-6C1BAFC7DA44}.Debug|x64.Build.0 = Debug|x64
		{683BD578-7255-4909-85FC-6C1BAFC7DA44}.Debug|x64.Deploy.0 = Debug|x64
		{683BD578-7255-4909-85FC-6C1BAFC7DA44}.Debug|x86.ActiveCfg = Debug|x86
		{683BD578-7255-4909-85FC-6C1BAFC7DA44}.Debug|x86.Build.0 = Debug|x86
		{683BD578-7255-4909-85FC-6C1BAFC7DA44}.Release|Any CPU.ActiveCfg = Release|x86
		{683BD578-7255-4909-85FC-6C1BAFC7DA44}.Release|Itanium.ActiveCfg = Release|x86
		{683BD578-7255-4909-85FC-6C1BAFC7DA44}.Release|Mixed Platforms.ActiveCfg = Release|x86
		{683BD578-7255-4909-85FC-6C1BAFC7DA44}.Release|Mixed Platforms.Build.0 = Release|x86
		{683BD578-7255-4909-85FC-6C1BAFC7DA44}.Release|x64.ActiveCfg = Release|x64
		{683BD578-7255-4909-85FC-6C1BAFC7DA44}.Release|x64.Build.0 = Release|x64
		{683BD578-7255-4909-85FC-6C1BAFC7DA44}.Release|x86.ActiveCfg = Release|x86
		{683BD578-7255-4909-85FC-6C1BAFC7DA44}.Release|x86.Build.0 = Release|x86
		{417DE917-F66A-48A0-BE05-22F0EA18B403}.Debug|Any CPU.ActiveCfg = Debug|Any CPU
		{417DE917-F66A-48A0-BE05-22F0EA18B403}.Debug|Any CPU.Build.0 = Debug|Any CPU
		{417DE917-F66A-48A0-BE05-22F0EA18B403}.Debug|Itanium.ActiveCfg = Debug|x86
		{417DE917-F66A-48A0-BE05-22F0EA18B403}.Debug|Itanium.Build.0 = Debug|x86
		{417DE917-F66A-48A0-BE05-22F0EA18B403}.Debug|Mixed Platforms.ActiveCfg = Debug|Any CPU
		{417DE917-F66A-48A0-BE05-22F0EA18B403}.Debug|Mixed Platforms.Build.0 = Debug|Any CPU
		{417DE917-F66A-48A0-BE05-22F0EA18B403}.Debug|x64.ActiveCfg = Debug|x64
		{417DE917-F66A-48A0-BE05-22F0EA18B403}.Debug|x64.Build.0 = Debug|x64
		{417DE917-F66A-48A0-BE05-22F0EA18B403}.Debug|x86.ActiveCfg = Debug|x86
		{417DE917-F66A-48A0-BE05-22F0EA18B403}.Debug|x86.Build.0 = Debug|x86
		{417DE917-F66A-48A0-BE05-22F0EA18B403}.Release|Any CPU.ActiveCfg = Release|Any CPU
		{417DE917-F66A-48A0-BE05-22F0EA18B403}.Release|Any CPU.Build.0 = Release|Any CPU
		{417DE917-F66A-48A0-BE05-22F0EA18B403}.Release|Itanium.ActiveCfg = Release|Itanium
		{417DE917-F66A-48A0-BE05-22F0EA18B403}.Release|Itanium.Build.0 = Release|Itanium
		{417DE917-F66A-48A0-BE05-22F0EA18B403}.Release|Mixed Platforms.ActiveCfg = Release|Any CPU
		{417DE917-F66A-48A0-BE05-22F0EA18B403}.Release|Mixed Platforms.Build.0 = Release|Any CPU
		{417DE917-F66A-48A0-BE05-22F0EA18B403}.Release|x64.ActiveCfg = Release|x64
		{417DE917-F66A-48A0-BE05-22F0EA18B403}.Release|x64.Build.0 = Release|x64
		{417DE917-F66A-48A0-BE05-22F0EA18B403}.Release|x86.ActiveCfg = Release|x86
		{417DE917-F66A-48A0-BE05-22F0EA18B403}.Release|x86.Build.0 = Release|x86
		{0BB661C2-020A-4F81-A7E0-7AF0202BDF62}.Debug|Any CPU.ActiveCfg = Debug|Any CPU
		{0BB661C2-020A-4F81-A7E0-7AF0202BDF62}.Debug|Any CPU.Build.0 = Debug|Any CPU
		{0BB661C2-020A-4F81-A7E0-7AF0202BDF62}.Debug|Itanium.ActiveCfg = Debug|x86
		{0BB661C2-020A-4F81-A7E0-7AF0202BDF62}.Debug|Mixed Platforms.ActiveCfg = Debug|Any CPU
		{0BB661C2-020A-4F81-A7E0-7AF0202BDF62}.Debug|Mixed Platforms.Build.0 = Debug|Any CPU
		{0BB661C2-020A-4F81-A7E0-7AF0202BDF62}.Debug|x64.ActiveCfg = Debug|x64
		{0BB661C2-020A-4F81-A7E0-7AF0202BDF62}.Debug|x64.Build.0 = Debug|x64
		{0BB661C2-020A-4F81-A7E0-7AF0202BDF62}.Debug|x86.ActiveCfg = Debug|x86
		{0BB661C2-020A-4F81-A7E0-7AF0202BDF62}.Debug|x86.Build.0 = Debug|x86
		{0BB661C2-020A-4F81-A7E0-7AF0202BDF62}.Release|Any CPU.ActiveCfg = Release|Any CPU
		{0BB661C2-020A-4F81-A7E0-7AF0202BDF62}.Release|Any CPU.Build.0 = Release|Any CPU
		{0BB661C2-020A-4F81-A7E0-7AF0202BDF62}.Release|Itanium.ActiveCfg = Release|x86
		{0BB661C2-020A-4F81-A7E0-7AF0202BDF62}.Release|Mixed Platforms.ActiveCfg = Release|Any CPU
		{0BB661C2-020A-4F81-A7E0-7AF0202BDF62}.Release|Mixed Platforms.Build.0 = Release|Any CPU
		{0BB661C2-020A-4F81-A7E0-7AF0202BDF62}.Release|x64.ActiveCfg = Release|x64
		{0BB661C2-020A-4F81-A7E0-7AF0202BDF62}.Release|x64.Build.0 = Release|x64
		{0BB661C2-020A-4F81-A7E0-7AF0202BDF62}.Release|x86.ActiveCfg = Release|x86
		{0BB661C2-020A-4F81-A7E0-7AF0202BDF62}.Release|x86.Build.0 = Release|x86
		{BAD9905A-F1D9-4705-832A-84084735D1F1}.Debug|Any CPU.ActiveCfg = Debug|Any CPU
		{BAD9905A-F1D9-4705-832A-84084735D1F1}.Debug|Any CPU.Build.0 = Debug|Any CPU
		{BAD9905A-F1D9-4705-832A-84084735D1F1}.Debug|Itanium.ActiveCfg = Debug|Any CPU
		{BAD9905A-F1D9-4705-832A-84084735D1F1}.Debug|Mixed Platforms.ActiveCfg = Debug|Any CPU
		{BAD9905A-F1D9-4705-832A-84084735D1F1}.Debug|Mixed Platforms.Build.0 = Debug|Any CPU
		{BAD9905A-F1D9-4705-832A-84084735D1F1}.Debug|x64.ActiveCfg = Debug|x64
		{BAD9905A-F1D9-4705-832A-84084735D1F1}.Debug|x64.Build.0 = Debug|x64
		{BAD9905A-F1D9-4705-832A-84084735D1F1}.Debug|x86.ActiveCfg = Debug|x86
		{BAD9905A-F1D9-4705-832A-84084735D1F1}.Debug|x86.Build.0 = Debug|x86
		{BAD9905A-F1D9-4705-832A-84084735D1F1}.Release|Any CPU.ActiveCfg = Release|Any CPU
		{BAD9905A-F1D9-4705-832A-84084735D1F1}.Release|Any CPU.Build.0 = Release|Any CPU
		{BAD9905A-F1D9-4705-832A-84084735D1F1}.Release|Itanium.ActiveCfg = Release|Any CPU
		{BAD9905A-F1D9-4705-832A-84084735D1F1}.Release|Mixed Platforms.ActiveCfg = Release|Any CPU
		{BAD9905A-F1D9-4705-832A-84084735D1F1}.Release|Mixed Platforms.Build.0 = Release|Any CPU
		{BAD9905A-F1D9-4705-832A-84084735D1F1}.Release|x64.ActiveCfg = Release|x64
		{BAD9905A-F1D9-4705-832A-84084735D1F1}.Release|x64.Build.0 = Release|x64
		{BAD9905A-F1D9-4705-832A-84084735D1F1}.Release|x86.ActiveCfg = Release|x86
		{BAD9905A-F1D9-4705-832A-84084735D1F1}.Release|x86.Build.0 = Release|x86
		{413A3482-DC31-45B9-A352-0D219E8D6986}.Debug|Any CPU.ActiveCfg = Debug|Any CPU
		{413A3482-DC31-45B9-A352-0D219E8D6986}.Debug|Any CPU.Build.0 = Debug|Any CPU
		{413A3482-DC31-45B9-A352-0D219E8D6986}.Debug|Itanium.ActiveCfg = Debug|Any CPU
		{413A3482-DC31-45B9-A352-0D219E8D6986}.Debug|Mixed Platforms.ActiveCfg = Debug|Any CPU
		{413A3482-DC31-45B9-A352-0D219E8D6986}.Debug|Mixed Platforms.Build.0 = Debug|Any CPU
		{413A3482-DC31-45B9-A352-0D219E8D6986}.Debug|x64.ActiveCfg = Debug|x64
		{413A3482-DC31-45B9-A352-0D219E8D6986}.Debug|x64.Build.0 = Debug|x64
		{413A3482-DC31-45B9-A352-0D219E8D6986}.Debug|x86.ActiveCfg = Debug|x86
		{413A3482-DC31-45B9-A352-0D219E8D6986}.Debug|x86.Build.0 = Debug|x86
		{413A3482-DC31-45B9-A352-0D219E8D6986}.Release|Any CPU.ActiveCfg = Release|Any CPU
		{413A3482-DC31-45B9-A352-0D219E8D6986}.Release|Any CPU.Build.0 = Release|Any CPU
		{413A3482-DC31-45B9-A352-0D219E8D6986}.Release|Itanium.ActiveCfg = Release|Any CPU
		{413A3482-DC31-45B9-A352-0D219E8D6986}.Release|Mixed Platforms.ActiveCfg = Release|Any CPU
		{413A3482-DC31-45B9-A352-0D219E8D6986}.Release|Mixed Platforms.Build.0 = Release|Any CPU
		{413A3482-DC31-45B9-A352-0D219E8D6986}.Release|x64.ActiveCfg = Release|x64
		{413A3482-DC31-45B9-A352-0D219E8D6986}.Release|x64.Build.0 = Release|x64
		{413A3482-DC31-45B9-A352-0D219E8D6986}.Release|x86.ActiveCfg = Release|x86
		{413A3482-DC31-45B9-A352-0D219E8D6986}.Release|x86.Build.0 = Release|x86
		{3F74237A-1596-4623-931E-1E648E53F266}.Debug|Any CPU.ActiveCfg = Debug|Any CPU
		{3F74237A-1596-4623-931E-1E648E53F266}.Debug|Any CPU.Build.0 = Debug|Any CPU
		{3F74237A-1596-4623-931E-1E648E53F266}.Debug|Itanium.ActiveCfg = Debug|Any CPU
		{3F74237A-1596-4623-931E-1E648E53F266}.Debug|Mixed Platforms.ActiveCfg = Debug|Any CPU
		{3F74237A-1596-4623-931E-1E648E53F266}.Debug|Mixed Platforms.Build.0 = Debug|Any CPU
		{3F74237A-1596-4623-931E-1E648E53F266}.Debug|x64.ActiveCfg = Debug|x64
		{3F74237A-1596-4623-931E-1E648E53F266}.Debug|x64.Build.0 = Debug|x64
		{3F74237A-1596-4623-931E-1E648E53F266}.Debug|x86.ActiveCfg = Debug|x86
		{3F74237A-1596-4623-931E-1E648E53F266}.Debug|x86.Build.0 = Debug|x86
		{3F74237A-1596-4623-931E-1E648E53F266}.Release|Any CPU.ActiveCfg = Release|Any CPU
		{3F74237A-1596-4623-931E-1E648E53F266}.Release|Any CPU.Build.0 = Release|Any CPU
		{3F74237A-1596-4623-931E-1E648E53F266}.Release|Itanium.ActiveCfg = Release|Any CPU
		{3F74237A-1596-4623-931E-1E648E53F266}.Release|Mixed Platforms.ActiveCfg = Release|Any CPU
		{3F74237A-1596-4623-931E-1E648E53F266}.Release|Mixed Platforms.Build.0 = Release|Any CPU
		{3F74237A-1596-4623-931E-1E648E53F266}.Release|x64.ActiveCfg = Release|Any CPU
		{3F74237A-1596-4623-931E-1E648E53F266}.Release|x86.ActiveCfg = Release|x86
		{3F74237A-1596-4623-931E-1E648E53F266}.Release|x86.Build.0 = Release|x86
		{2E771CCD-5693-48AD-BC18-35B67916A52A}.Debug|Any CPU.ActiveCfg = Debug|Any CPU
		{2E771CCD-5693-48AD-BC18-35B67916A52A}.Debug|Any CPU.Build.0 = Debug|Any CPU
		{2E771CCD-5693-48AD-BC18-35B67916A52A}.Debug|Itanium.ActiveCfg = Debug|Any CPU
		{2E771CCD-5693-48AD-BC18-35B67916A52A}.Debug|Mixed Platforms.ActiveCfg = Debug|x86
		{2E771CCD-5693-48AD-BC18-35B67916A52A}.Debug|Mixed Platforms.Build.0 = Debug|x86
		{2E771CCD-5693-48AD-BC18-35B67916A52A}.Debug|x64.ActiveCfg = Debug|x64
		{2E771CCD-5693-48AD-BC18-35B67916A52A}.Debug|x64.Build.0 = Debug|x64
		{2E771CCD-5693-48AD-BC18-35B67916A52A}.Debug|x86.ActiveCfg = Debug|x86
		{2E771CCD-5693-48AD-BC18-35B67916A52A}.Debug|x86.Build.0 = Debug|x86
		{2E771CCD-5693-48AD-BC18-35B67916A52A}.Release|Any CPU.ActiveCfg = Release|Any CPU
		{2E771CCD-5693-48AD-BC18-35B67916A52A}.Release|Any CPU.Build.0 = Release|Any CPU
		{2E771CCD-5693-48AD-BC18-35B67916A52A}.Release|Itanium.ActiveCfg = Release|Any CPU
		{2E771CCD-5693-48AD-BC18-35B67916A52A}.Release|Mixed Platforms.ActiveCfg = Release|x86
		{2E771CCD-5693-48AD-BC18-35B67916A52A}.Release|Mixed Platforms.Build.0 = Release|x86
		{2E771CCD-5693-48AD-BC18-35B67916A52A}.Release|x64.ActiveCfg = Release|x64
		{2E771CCD-5693-48AD-BC18-35B67916A52A}.Release|x64.Build.0 = Release|x64
		{2E771CCD-5693-48AD-BC18-35B67916A52A}.Release|x86.ActiveCfg = Release|x86
		{2E771CCD-5693-48AD-BC18-35B67916A52A}.Release|x86.Build.0 = Release|x86
		{25F5539B-664F-45FB-9469-81BE3D1E05EB}.Debug|Any CPU.ActiveCfg = Debug|Any CPU
		{25F5539B-664F-45FB-9469-81BE3D1E05EB}.Debug|Any CPU.Build.0 = Debug|Any CPU
		{25F5539B-664F-45FB-9469-81BE3D1E05EB}.Debug|Itanium.ActiveCfg = Debug|Any CPU
		{25F5539B-664F-45FB-9469-81BE3D1E05EB}.Debug|Itanium.Build.0 = Debug|Any CPU
		{25F5539B-664F-45FB-9469-81BE3D1E05EB}.Debug|Mixed Platforms.ActiveCfg = Debug|Any CPU
		{25F5539B-664F-45FB-9469-81BE3D1E05EB}.Debug|Mixed Platforms.Build.0 = Debug|Any CPU
		{25F5539B-664F-45FB-9469-81BE3D1E05EB}.Debug|x64.ActiveCfg = Debug|x64
		{25F5539B-664F-45FB-9469-81BE3D1E05EB}.Debug|x64.Build.0 = Debug|x64
		{25F5539B-664F-45FB-9469-81BE3D1E05EB}.Debug|x64.Deploy.0 = Debug|x64
		{25F5539B-664F-45FB-9469-81BE3D1E05EB}.Debug|x86.ActiveCfg = Debug|x86
		{25F5539B-664F-45FB-9469-81BE3D1E05EB}.Debug|x86.Build.0 = Debug|x86
		{25F5539B-664F-45FB-9469-81BE3D1E05EB}.Release|Any CPU.ActiveCfg = Release|Any CPU
		{25F5539B-664F-45FB-9469-81BE3D1E05EB}.Release|Any CPU.Build.0 = Release|Any CPU
		{25F5539B-664F-45FB-9469-81BE3D1E05EB}.Release|Itanium.ActiveCfg = Release|Any CPU
		{25F5539B-664F-45FB-9469-81BE3D1E05EB}.Release|Itanium.Build.0 = Release|Any CPU
		{25F5539B-664F-45FB-9469-81BE3D1E05EB}.Release|Mixed Platforms.ActiveCfg = Release|Any CPU
		{25F5539B-664F-45FB-9469-81BE3D1E05EB}.Release|Mixed Platforms.Build.0 = Release|Any CPU
		{25F5539B-664F-45FB-9469-81BE3D1E05EB}.Release|x64.ActiveCfg = Release|Any CPU
		{25F5539B-664F-45FB-9469-81BE3D1E05EB}.Release|x64.Build.0 = Release|Any CPU
		{25F5539B-664F-45FB-9469-81BE3D1E05EB}.Release|x86.ActiveCfg = Release|Any CPU
		{25F5539B-664F-45FB-9469-81BE3D1E05EB}.Release|x86.Build.0 = Release|Any CPU
		{4D4A8F95-AAD9-4148-A377-160FA1F9C455}.Debug|Any CPU.ActiveCfg = Debug|Any CPU
		{4D4A8F95-AAD9-4148-A377-160FA1F9C455}.Debug|Any CPU.Build.0 = Debug|Any CPU
		{4D4A8F95-AAD9-4148-A377-160FA1F9C455}.Debug|Itanium.ActiveCfg = Debug|Any CPU
		{4D4A8F95-AAD9-4148-A377-160FA1F9C455}.Debug|Itanium.Build.0 = Debug|Any CPU
		{4D4A8F95-AAD9-4148-A377-160FA1F9C455}.Debug|Mixed Platforms.ActiveCfg = Debug|Any CPU
		{4D4A8F95-AAD9-4148-A377-160FA1F9C455}.Debug|Mixed Platforms.Build.0 = Debug|Any CPU
		{4D4A8F95-AAD9-4148-A377-160FA1F9C455}.Debug|x64.ActiveCfg = Debug|x64
		{4D4A8F95-AAD9-4148-A377-160FA1F9C455}.Debug|x64.Build.0 = Debug|x64
		{4D4A8F95-AAD9-4148-A377-160FA1F9C455}.Debug|x86.ActiveCfg = Debug|x86
		{4D4A8F95-AAD9-4148-A377-160FA1F9C455}.Debug|x86.Build.0 = Debug|x86
		{4D4A8F95-AAD9-4148-A377-160FA1F9C455}.Release|Any CPU.ActiveCfg = Release|Any CPU
		{4D4A8F95-AAD9-4148-A377-160FA1F9C455}.Release|Any CPU.Build.0 = Release|Any CPU
		{4D4A8F95-AAD9-4148-A377-160FA1F9C455}.Release|Itanium.ActiveCfg = Release|Any CPU
		{4D4A8F95-AAD9-4148-A377-160FA1F9C455}.Release|Itanium.Build.0 = Release|Any CPU
		{4D4A8F95-AAD9-4148-A377-160FA1F9C455}.Release|Mixed Platforms.ActiveCfg = Release|Any CPU
		{4D4A8F95-AAD9-4148-A377-160FA1F9C455}.Release|Mixed Platforms.Build.0 = Release|Any CPU
		{4D4A8F95-AAD9-4148-A377-160FA1F9C455}.Release|x64.ActiveCfg = Release|Any CPU
		{4D4A8F95-AAD9-4148-A377-160FA1F9C455}.Release|x64.Build.0 = Release|Any CPU
		{4D4A8F95-AAD9-4148-A377-160FA1F9C455}.Release|x86.ActiveCfg = Release|Any CPU
		{4D4A8F95-AAD9-4148-A377-160FA1F9C455}.Release|x86.Build.0 = Release|Any CPU
		{4E0CA4C9-A320-4095-BFC5-FE85CBE811C1}.Debug|Any CPU.ActiveCfg = Debug|Any CPU
		{4E0CA4C9-A320-4095-BFC5-FE85CBE811C1}.Debug|Any CPU.Build.0 = Debug|Any CPU
		{4E0CA4C9-A320-4095-BFC5-FE85CBE811C1}.Debug|Itanium.ActiveCfg = Debug|Any CPU
		{4E0CA4C9-A320-4095-BFC5-FE85CBE811C1}.Debug|Itanium.Build.0 = Debug|Any CPU
		{4E0CA4C9-A320-4095-BFC5-FE85CBE811C1}.Debug|Mixed Platforms.ActiveCfg = Debug|Any CPU
		{4E0CA4C9-A320-4095-BFC5-FE85CBE811C1}.Debug|Mixed Platforms.Build.0 = Debug|Any CPU
		{4E0CA4C9-A320-4095-BFC5-FE85CBE811C1}.Debug|x64.ActiveCfg = Debug|x64
		{4E0CA4C9-A320-4095-BFC5-FE85CBE811C1}.Debug|x64.Build.0 = Debug|x64
		{4E0CA4C9-A320-4095-BFC5-FE85CBE811C1}.Debug|x86.ActiveCfg = Debug|x86
		{4E0CA4C9-A320-4095-BFC5-FE85CBE811C1}.Debug|x86.Build.0 = Debug|x86
		{4E0CA4C9-A320-4095-BFC5-FE85CBE811C1}.Release|Any CPU.ActiveCfg = Release|Any CPU
		{4E0CA4C9-A320-4095-BFC5-FE85CBE811C1}.Release|Any CPU.Build.0 = Release|Any CPU
		{4E0CA4C9-A320-4095-BFC5-FE85CBE811C1}.Release|Itanium.ActiveCfg = Release|Any CPU
		{4E0CA4C9-A320-4095-BFC5-FE85CBE811C1}.Release|Itanium.Build.0 = Release|Any CPU
		{4E0CA4C9-A320-4095-BFC5-FE85CBE811C1}.Release|Mixed Platforms.ActiveCfg = Release|Any CPU
		{4E0CA4C9-A320-4095-BFC5-FE85CBE811C1}.Release|Mixed Platforms.Build.0 = Release|Any CPU
		{4E0CA4C9-A320-4095-BFC5-FE85CBE811C1}.Release|x64.ActiveCfg = Release|Any CPU
		{4E0CA4C9-A320-4095-BFC5-FE85CBE811C1}.Release|x64.Build.0 = Release|Any CPU
		{4E0CA4C9-A320-4095-BFC5-FE85CBE811C1}.Release|x86.ActiveCfg = Release|Any CPU
		{4E0CA4C9-A320-4095-BFC5-FE85CBE811C1}.Release|x86.Build.0 = Release|Any CPU
		{07C70F34-ACE8-4669-AECE-CC6DC0A6647D}.Debug|Any CPU.ActiveCfg = Debug|Any CPU
		{07C70F34-ACE8-4669-AECE-CC6DC0A6647D}.Debug|Any CPU.Build.0 = Debug|Any CPU
		{07C70F34-ACE8-4669-AECE-CC6DC0A6647D}.Debug|Itanium.ActiveCfg = Debug|Any CPU
		{07C70F34-ACE8-4669-AECE-CC6DC0A6647D}.Debug|Itanium.Build.0 = Debug|Any CPU
		{07C70F34-ACE8-4669-AECE-CC6DC0A6647D}.Debug|Mixed Platforms.ActiveCfg = Debug|Any CPU
		{07C70F34-ACE8-4669-AECE-CC6DC0A6647D}.Debug|Mixed Platforms.Build.0 = Debug|Any CPU
		{07C70F34-ACE8-4669-AECE-CC6DC0A6647D}.Debug|x64.ActiveCfg = Debug|x64
		{07C70F34-ACE8-4669-AECE-CC6DC0A6647D}.Debug|x64.Build.0 = Debug|x64
		{07C70F34-ACE8-4669-AECE-CC6DC0A6647D}.Debug|x86.ActiveCfg = Debug|x86
		{07C70F34-ACE8-4669-AECE-CC6DC0A6647D}.Debug|x86.Build.0 = Debug|x86
		{07C70F34-ACE8-4669-AECE-CC6DC0A6647D}.Release|Any CPU.ActiveCfg = Release|Any CPU
		{07C70F34-ACE8-4669-AECE-CC6DC0A6647D}.Release|Any CPU.Build.0 = Release|Any CPU
		{07C70F34-ACE8-4669-AECE-CC6DC0A6647D}.Release|Itanium.ActiveCfg = Release|Any CPU
		{07C70F34-ACE8-4669-AECE-CC6DC0A6647D}.Release|Itanium.Build.0 = Release|Any CPU
		{07C70F34-ACE8-4669-AECE-CC6DC0A6647D}.Release|Mixed Platforms.ActiveCfg = Release|Any CPU
		{07C70F34-ACE8-4669-AECE-CC6DC0A6647D}.Release|Mixed Platforms.Build.0 = Release|Any CPU
		{07C70F34-ACE8-4669-AECE-CC6DC0A6647D}.Release|x64.ActiveCfg = Release|Any CPU
		{07C70F34-ACE8-4669-AECE-CC6DC0A6647D}.Release|x64.Build.0 = Release|Any CPU
		{07C70F34-ACE8-4669-AECE-CC6DC0A6647D}.Release|x86.ActiveCfg = Release|Any CPU
		{07C70F34-ACE8-4669-AECE-CC6DC0A6647D}.Release|x86.Build.0 = Release|Any CPU
		{6D8AB44B-E7E7-47E5-9921-3CAF0551CB20}.Debug|Any CPU.ActiveCfg = Debug|Any CPU
		{6D8AB44B-E7E7-47E5-9921-3CAF0551CB20}.Debug|Any CPU.Build.0 = Debug|Any CPU
		{6D8AB44B-E7E7-47E5-9921-3CAF0551CB20}.Debug|Itanium.ActiveCfg = Debug|Any CPU
		{6D8AB44B-E7E7-47E5-9921-3CAF0551CB20}.Debug|Itanium.Build.0 = Debug|Any CPU
		{6D8AB44B-E7E7-47E5-9921-3CAF0551CB20}.Debug|Mixed Platforms.ActiveCfg = Debug|Any CPU
		{6D8AB44B-E7E7-47E5-9921-3CAF0551CB20}.Debug|Mixed Platforms.Build.0 = Debug|Any CPU
		{6D8AB44B-E7E7-47E5-9921-3CAF0551CB20}.Debug|x64.ActiveCfg = Debug|x64
		{6D8AB44B-E7E7-47E5-9921-3CAF0551CB20}.Debug|x64.Build.0 = Debug|x64
		{6D8AB44B-E7E7-47E5-9921-3CAF0551CB20}.Debug|x86.ActiveCfg = Debug|x86
		{6D8AB44B-E7E7-47E5-9921-3CAF0551CB20}.Debug|x86.Build.0 = Debug|x86
		{6D8AB44B-E7E7-47E5-9921-3CAF0551CB20}.Release|Any CPU.ActiveCfg = Release|Any CPU
		{6D8AB44B-E7E7-47E5-9921-3CAF0551CB20}.Release|Any CPU.Build.0 = Release|Any CPU
		{6D8AB44B-E7E7-47E5-9921-3CAF0551CB20}.Release|Itanium.ActiveCfg = Release|Any CPU
		{6D8AB44B-E7E7-47E5-9921-3CAF0551CB20}.Release|Itanium.Build.0 = Release|Any CPU
		{6D8AB44B-E7E7-47E5-9921-3CAF0551CB20}.Release|Mixed Platforms.ActiveCfg = Release|Any CPU
		{6D8AB44B-E7E7-47E5-9921-3CAF0551CB20}.Release|Mixed Platforms.Build.0 = Release|Any CPU
		{6D8AB44B-E7E7-47E5-9921-3CAF0551CB20}.Release|x64.ActiveCfg = Release|Any CPU
		{6D8AB44B-E7E7-47E5-9921-3CAF0551CB20}.Release|x64.Build.0 = Release|Any CPU
		{6D8AB44B-E7E7-47E5-9921-3CAF0551CB20}.Release|x86.ActiveCfg = Release|Any CPU
		{6D8AB44B-E7E7-47E5-9921-3CAF0551CB20}.Release|x86.Build.0 = Release|Any CPU
	EndGlobalSection
	GlobalSection(SolutionProperties) = preSolution
		HideSolutionNode = FALSE
	EndGlobalSection
	GlobalSection(NestedProjects) = preSolution
		{683BD578-7255-4909-85FC-6C1BAFC7DA44} = {B4876D70-F937-4EEE-A529-EAE55EA47620}
		{417DE917-F66A-48A0-BE05-22F0EA18B403} = {B4876D70-F937-4EEE-A529-EAE55EA47620}
		{0BB661C2-020A-4F81-A7E0-7AF0202BDF62} = {EDE8F803-B8B9-4BE7-A2E3-EECE60393042}
		{BAD9905A-F1D9-4705-832A-84084735D1F1} = {9F49DDFB-1CB5-48A3-A0C4-51C8B283A54E}
		{413A3482-DC31-45B9-A352-0D219E8D6986} = {B4876D70-F937-4EEE-A529-EAE55EA47620}
		{3F74237A-1596-4623-931E-1E648E53F266} = {9F49DDFB-1CB5-48A3-A0C4-51C8B283A54E}
		{2E771CCD-5693-48AD-BC18-35B67916A52A} = {EDE8F803-B8B9-4BE7-A2E3-EECE60393042}
		{25F5539B-664F-45FB-9469-81BE3D1E05EB} = {B749B2A0-F401-4655-884D-5352156AF3A8}
		{4D4A8F95-AAD9-4148-A377-160FA1F9C455} = {B749B2A0-F401-4655-884D-5352156AF3A8}
		{4E0CA4C9-A320-4095-BFC5-FE85CBE811C1} = {B749B2A0-F401-4655-884D-5352156AF3A8}
		{07C70F34-ACE8-4669-AECE-CC6DC0A6647D} = {B749B2A0-F401-4655-884D-5352156AF3A8}
		{6D8AB44B-E7E7-47E5-9921-3CAF0551CB20} = {B749B2A0-F401-4655-884D-5352156AF3A8}
	EndGlobalSection
	GlobalSection(SubversionScc) = preSolution
		Svn-Managed = True
		Manager = AnkhSVN - Subversion Support for Visual Studio
	EndGlobalSection
EndGlobal
